
Microsoft Visual Studio Solution File, Format Version 12.00
# Visual Studio 15
VisualStudioVersion = 15.0.28307.1022
MinimumVisualStudioVersion = 10.0.40219.1
Project("{FAE04EC0-301F-11D3-BF4B-00C04F79EFBC}") = "ex_1006", "ex_1006\ex_1006.csproj", "{511DD7EB-C16E-456C-A161-9BF255A89D14}"
EndProject
Global
	GlobalSection(SolutionConfigurationPlatforms) = preSolution
		Debug|Any CPU = Debug|Any CPU
		Release|Any CPU = Release|Any CPU
	EndGlobalSection
	GlobalSection(ProjectConfigurationPlatforms) = postSolution
		{511DD7EB-C16E-456C-A161-9BF255A89D14}.Debug|Any CPU.ActiveCfg = Debug|Any CPU
		{511DD7EB-C16E-456C-A161-9BF255A89D14}.Debug|Any CPU.Build.0 = Debug|Any CPU
		{511DD7EB-C16E-456C-A161-9BF255A89D14}.Release|Any CPU.ActiveCfg = Release|Any CPU
		{511DD7EB-C16E-456C-A161-9BF255A89D14}.Release|Any CPU.Build.0 = Release|Any CPU
	EndGlobalSection
	GlobalSection(SolutionProperties) = preSolution
		HideSolutionNode = FALSE
	EndGlobalSection
	GlobalSection(ExtensibilityGlobals) = postSolution
		SolutionGuid = {09D5B415-B550-456C-A405-3434E14C04BA}
	EndGlobalSection
EndGlobal
