
Microsoft Visual Studio Solution File, Format Version 12.00
# Visual Studio 15
VisualStudioVersion = 15.0.28307.779
MinimumVisualStudioVersion = 10.0.40219.1
Project("{FAE04EC0-301F-11D3-BF4B-00C04F79EFBC}") = "teste_logica", "teste_logica\teste_logica.csproj", "{C5036EB1-BFF4-4D11-B864-EB11E8157A3A}"
EndProject
Global
	GlobalSection(SolutionConfigurationPlatforms) = preSolution
		Debug|Any CPU = Debug|Any CPU
		Release|Any CPU = Release|Any CPU
	EndGlobalSection
	GlobalSection(ProjectConfigurationPlatforms) = postSolution
		{C5036EB1-BFF4-4D11-B864-EB11E8157A3A}.Debug|Any CPU.ActiveCfg = Debug|Any CPU
		{C5036EB1-BFF4-4D11-B864-EB11E8157A3A}.Debug|Any CPU.Build.0 = Debug|Any CPU
		{C5036EB1-BFF4-4D11-B864-EB11E8157A3A}.Release|Any CPU.ActiveCfg = Release|Any CPU
		{C5036EB1-BFF4-4D11-B864-EB11E8157A3A}.Release|Any CPU.Build.0 = Release|Any CPU
	EndGlobalSection
	GlobalSection(SolutionProperties) = preSolution
		HideSolutionNode = FALSE
	EndGlobalSection
	GlobalSection(ExtensibilityGlobals) = postSolution
		SolutionGuid = {4C433182-4824-4B8C-A52E-3B7BBEBEAED9}
	EndGlobalSection
EndGlobal
