
Microsoft Visual Studio Solution File, Format Version 12.00
# Visual Studio 15
VisualStudioVersion = 15.0.28307.1022
MinimumVisualStudioVersion = 10.0.40219.1
Project("{FAE04EC0-301F-11D3-BF4B-00C04F79EFBC}") = "ex_1040", "ex_1040\ex_1040.csproj", "{8890EDD1-E81B-4197-AFA6-B0749016120D}"
EndProject
Global
	GlobalSection(SolutionConfigurationPlatforms) = preSolution
		Debug|Any CPU = Debug|Any CPU
		Release|Any CPU = Release|Any CPU
	EndGlobalSection
	GlobalSection(ProjectConfigurationPlatforms) = postSolution
		{8890EDD1-E81B-4197-AFA6-B0749016120D}.Debug|Any CPU.ActiveCfg = Debug|Any CPU
		{8890EDD1-E81B-4197-AFA6-B0749016120D}.Debug|Any CPU.Build.0 = Debug|Any CPU
		{8890EDD1-E81B-4197-AFA6-B0749016120D}.Release|Any CPU.ActiveCfg = Release|Any CPU
		{8890EDD1-E81B-4197-AFA6-B0749016120D}.Release|Any CPU.Build.0 = Release|Any CPU
	EndGlobalSection
	GlobalSection(SolutionProperties) = preSolution
		HideSolutionNode = FALSE
	EndGlobalSection
	GlobalSection(ExtensibilityGlobals) = postSolution
		SolutionGuid = {20D47B9B-F002-4685-958C-F8476F816F3D}
	EndGlobalSection
EndGlobal
