
Microsoft Visual Studio Solution File, Format Version 12.00
# Visual Studio 15
VisualStudioVersion = 15.0.28307.1022
MinimumVisualStudioVersion = 10.0.40219.1
Project("{FAE04EC0-301F-11D3-BF4B-00C04F79EFBC}") = "ex_1079", "ex_1079\ex_1079.csproj", "{C40E4BB8-8667-4909-B636-FAD5B8E84E29}"
EndProject
Global
	GlobalSection(SolutionConfigurationPlatforms) = preSolution
		Debug|Any CPU = Debug|Any CPU
		Release|Any CPU = Release|Any CPU
	EndGlobalSection
	GlobalSection(ProjectConfigurationPlatforms) = postSolution
		{C40E4BB8-8667-4909-B636-FAD5B8E84E29}.Debug|Any CPU.ActiveCfg = Debug|Any CPU
		{C40E4BB8-8667-4909-B636-FAD5B8E84E29}.Debug|Any CPU.Build.0 = Debug|Any CPU
		{C40E4BB8-8667-4909-B636-FAD5B8E84E29}.Release|Any CPU.ActiveCfg = Release|Any CPU
		{C40E4BB8-8667-4909-B636-FAD5B8E84E29}.Release|Any CPU.Build.0 = Release|Any CPU
	EndGlobalSection
	GlobalSection(SolutionProperties) = preSolution
		HideSolutionNode = FALSE
	EndGlobalSection
	GlobalSection(ExtensibilityGlobals) = postSolution
		SolutionGuid = {78F9E4DD-1136-4A26-B27B-61B41F4D2133}
	EndGlobalSection
EndGlobal
