
Microsoft Visual Studio Solution File, Format Version 12.00
# Visual Studio 15
VisualStudioVersion = 15.0.28307.1022
MinimumVisualStudioVersion = 10.0.40219.1
Project("{FAE04EC0-301F-11D3-BF4B-00C04F79EFBC}") = "ex_1133", "ex_1133\ex_1133.csproj", "{21AA0C6C-5945-4F4D-B195-84D1991AA7B3}"
EndProject
Global
	GlobalSection(SolutionConfigurationPlatforms) = preSolution
		Debug|Any CPU = Debug|Any CPU
		Release|Any CPU = Release|Any CPU
	EndGlobalSection
	GlobalSection(ProjectConfigurationPlatforms) = postSolution
		{21AA0C6C-5945-4F4D-B195-84D1991AA7B3}.Debug|Any CPU.ActiveCfg = Debug|Any CPU
		{21AA0C6C-5945-4F4D-B195-84D1991AA7B3}.Debug|Any CPU.Build.0 = Debug|Any CPU
		{21AA0C6C-5945-4F4D-B195-84D1991AA7B3}.Release|Any CPU.ActiveCfg = Release|Any CPU
		{21AA0C6C-5945-4F4D-B195-84D1991AA7B3}.Release|Any CPU.Build.0 = Release|Any CPU
	EndGlobalSection
	GlobalSection(SolutionProperties) = preSolution
		HideSolutionNode = FALSE
	EndGlobalSection
	GlobalSection(ExtensibilityGlobals) = postSolution
		SolutionGuid = {FA2B3F4B-944A-40ED-BEF7-2364C192E535}
	EndGlobalSection
EndGlobal
