
Microsoft Visual Studio Solution File, Format Version 12.00
# Visual Studio 15
VisualStudioVersion = 15.0.28307.1082
MinimumVisualStudioVersion = 10.0.40219.1
Project("{FAE04EC0-301F-11D3-BF4B-00C04F79EFBC}") = "ex_1157", "ex_1157\ex_1157.csproj", "{0208CE1D-1407-4328-BA52-DA0FBFF38BBB}"
EndProject
Global
	GlobalSection(SolutionConfigurationPlatforms) = preSolution
		Debug|Any CPU = Debug|Any CPU
		Release|Any CPU = Release|Any CPU
	EndGlobalSection
	GlobalSection(ProjectConfigurationPlatforms) = postSolution
		{0208CE1D-1407-4328-BA52-DA0FBFF38BBB}.Debug|Any CPU.ActiveCfg = Debug|Any CPU
		{0208CE1D-1407-4328-BA52-DA0FBFF38BBB}.Debug|Any CPU.Build.0 = Debug|Any CPU
		{0208CE1D-1407-4328-BA52-DA0FBFF38BBB}.Release|Any CPU.ActiveCfg = Release|Any CPU
		{0208CE1D-1407-4328-BA52-DA0FBFF38BBB}.Release|Any CPU.Build.0 = Release|Any CPU
	EndGlobalSection
	GlobalSection(SolutionProperties) = preSolution
		HideSolutionNode = FALSE
	EndGlobalSection
	GlobalSection(ExtensibilityGlobals) = postSolution
		SolutionGuid = {FB9C33F2-A9D0-456B-8EE5-80906F552709}
	EndGlobalSection
EndGlobal
