
Microsoft Visual Studio Solution File, Format Version 12.00
# Visual Studio 15
VisualStudioVersion = 15.0.28307.1022
MinimumVisualStudioVersion = 10.0.40219.1
Project("{FAE04EC0-301F-11D3-BF4B-00C04F79EFBC}") = "ex_1047", "ex_1047\ex_1047.csproj", "{01A23872-5DFC-4DF3-B223-B31B49465774}"
EndProject
Global
	GlobalSection(SolutionConfigurationPlatforms) = preSolution
		Debug|Any CPU = Debug|Any CPU
		Release|Any CPU = Release|Any CPU
	EndGlobalSection
	GlobalSection(ProjectConfigurationPlatforms) = postSolution
		{01A23872-5DFC-4DF3-B223-B31B49465774}.Debug|Any CPU.ActiveCfg = Debug|Any CPU
		{01A23872-5DFC-4DF3-B223-B31B49465774}.Debug|Any CPU.Build.0 = Debug|Any CPU
		{01A23872-5DFC-4DF3-B223-B31B49465774}.Release|Any CPU.ActiveCfg = Release|Any CPU
		{01A23872-5DFC-4DF3-B223-B31B49465774}.Release|Any CPU.Build.0 = Release|Any CPU
	EndGlobalSection
	GlobalSection(SolutionProperties) = preSolution
		HideSolutionNode = FALSE
	EndGlobalSection
	GlobalSection(ExtensibilityGlobals) = postSolution
		SolutionGuid = {7D48CE3D-B6CF-40B9-B513-1CE1FB33A296}
	EndGlobalSection
EndGlobal
