
Microsoft Visual Studio Solution File, Format Version 12.00
# Visual Studio 15
VisualStudioVersion = 15.0.28307.1022
MinimumVisualStudioVersion = 10.0.40219.1
Project("{FAE04EC0-301F-11D3-BF4B-00C04F79EFBC}") = "ex_1052", "ex_1052\ex_1052.csproj", "{3FE1A786-7B0C-4D73-A0D1-D81DA67D4B09}"
EndProject
Global
	GlobalSection(SolutionConfigurationPlatforms) = preSolution
		Debug|Any CPU = Debug|Any CPU
		Release|Any CPU = Release|Any CPU
	EndGlobalSection
	GlobalSection(ProjectConfigurationPlatforms) = postSolution
		{3FE1A786-7B0C-4D73-A0D1-D81DA67D4B09}.Debug|Any CPU.ActiveCfg = Debug|Any CPU
		{3FE1A786-7B0C-4D73-A0D1-D81DA67D4B09}.Debug|Any CPU.Build.0 = Debug|Any CPU
		{3FE1A786-7B0C-4D73-A0D1-D81DA67D4B09}.Release|Any CPU.ActiveCfg = Release|Any CPU
		{3FE1A786-7B0C-4D73-A0D1-D81DA67D4B09}.Release|Any CPU.Build.0 = Release|Any CPU
	EndGlobalSection
	GlobalSection(SolutionProperties) = preSolution
		HideSolutionNode = FALSE
	EndGlobalSection
	GlobalSection(ExtensibilityGlobals) = postSolution
		SolutionGuid = {53717E89-B21A-4A3E-B0AB-CF54DC35ED8D}
	EndGlobalSection
EndGlobal
