
Microsoft Visual Studio Solution File, Format Version 12.00
# Visual Studio 15
VisualStudioVersion = 15.0.28307.1022
MinimumVisualStudioVersion = 10.0.40219.1
Project("{FAE04EC0-301F-11D3-BF4B-00C04F79EFBC}") = "ex_1097", "ex_1097\ex_1097.csproj", "{3328B61C-F80C-4593-90C1-07DC5FAC9402}"
EndProject
Global
	GlobalSection(SolutionConfigurationPlatforms) = preSolution
		Debug|Any CPU = Debug|Any CPU
		Release|Any CPU = Release|Any CPU
	EndGlobalSection
	GlobalSection(ProjectConfigurationPlatforms) = postSolution
		{3328B61C-F80C-4593-90C1-07DC5FAC9402}.Debug|Any CPU.ActiveCfg = Debug|Any CPU
		{3328B61C-F80C-4593-90C1-07DC5FAC9402}.Debug|Any CPU.Build.0 = Debug|Any CPU
		{3328B61C-F80C-4593-90C1-07DC5FAC9402}.Release|Any CPU.ActiveCfg = Release|Any CPU
		{3328B61C-F80C-4593-90C1-07DC5FAC9402}.Release|Any CPU.Build.0 = Release|Any CPU
	EndGlobalSection
	GlobalSection(SolutionProperties) = preSolution
		HideSolutionNode = FALSE
	EndGlobalSection
	GlobalSection(ExtensibilityGlobals) = postSolution
		SolutionGuid = {AB6D490A-B989-4E6A-BDC5-485151BBA991}
	EndGlobalSection
EndGlobal
