
Microsoft Visual Studio Solution File, Format Version 12.00
# Visual Studio 15
VisualStudioVersion = 15.0.28307.1022
MinimumVisualStudioVersion = 10.0.40219.1
Project("{FAE04EC0-301F-11D3-BF4B-00C04F79EFBC}") = "ex_1020", "ex_1020\ex_1020.csproj", "{F99937A4-EF7D-42A7-96CD-4030D5F4B3F5}"
EndProject
Global
	GlobalSection(SolutionConfigurationPlatforms) = preSolution
		Debug|Any CPU = Debug|Any CPU
		Release|Any CPU = Release|Any CPU
	EndGlobalSection
	GlobalSection(ProjectConfigurationPlatforms) = postSolution
		{F99937A4-EF7D-42A7-96CD-4030D5F4B3F5}.Debug|Any CPU.ActiveCfg = Debug|Any CPU
		{F99937A4-EF7D-42A7-96CD-4030D5F4B3F5}.Debug|Any CPU.Build.0 = Debug|Any CPU
		{F99937A4-EF7D-42A7-96CD-4030D5F4B3F5}.Release|Any CPU.ActiveCfg = Release|Any CPU
		{F99937A4-EF7D-42A7-96CD-4030D5F4B3F5}.Release|Any CPU.Build.0 = Release|Any CPU
	EndGlobalSection
	GlobalSection(SolutionProperties) = preSolution
		HideSolutionNode = FALSE
	EndGlobalSection
	GlobalSection(ExtensibilityGlobals) = postSolution
		SolutionGuid = {C06381D7-4367-4FB8-9D20-673BD71E3DF5}
	EndGlobalSection
EndGlobal
