
Microsoft Visual Studio Solution File, Format Version 12.00
# Visual Studio 15
VisualStudioVersion = 15.0.28307.1022
MinimumVisualStudioVersion = 10.0.40219.1
Project("{FAE04EC0-301F-11D3-BF4B-00C04F79EFBC}") = "ex_1042", "ex_1042\ex_1042.csproj", "{A983235E-2708-42CD-9038-D938A771259F}"
EndProject
Global
	GlobalSection(SolutionConfigurationPlatforms) = preSolution
		Debug|Any CPU = Debug|Any CPU
		Release|Any CPU = Release|Any CPU
	EndGlobalSection
	GlobalSection(ProjectConfigurationPlatforms) = postSolution
		{A983235E-2708-42CD-9038-D938A771259F}.Debug|Any CPU.ActiveCfg = Debug|Any CPU
		{A983235E-2708-42CD-9038-D938A771259F}.Debug|Any CPU.Build.0 = Debug|Any CPU
		{A983235E-2708-42CD-9038-D938A771259F}.Release|Any CPU.ActiveCfg = Release|Any CPU
		{A983235E-2708-42CD-9038-D938A771259F}.Release|Any CPU.Build.0 = Release|Any CPU
	EndGlobalSection
	GlobalSection(SolutionProperties) = preSolution
		HideSolutionNode = FALSE
	EndGlobalSection
	GlobalSection(ExtensibilityGlobals) = postSolution
		SolutionGuid = {B07E626B-3777-48A2-BA70-DB8095875805}
	EndGlobalSection
EndGlobal
