
Microsoft Visual Studio Solution File, Format Version 12.00
# Visual Studio 15
VisualStudioVersion = 15.0.28307.1022
MinimumVisualStudioVersion = 10.0.40219.1
Project("{FAE04EC0-301F-11D3-BF4B-00C04F79EFBC}") = "ex_1060", "ex_1060\ex_1060.csproj", "{DC3021CD-4A87-4492-A9AC-03AC3EA740C5}"
EndProject
Global
	GlobalSection(SolutionConfigurationPlatforms) = preSolution
		Debug|Any CPU = Debug|Any CPU
		Release|Any CPU = Release|Any CPU
	EndGlobalSection
	GlobalSection(ProjectConfigurationPlatforms) = postSolution
		{DC3021CD-4A87-4492-A9AC-03AC3EA740C5}.Debug|Any CPU.ActiveCfg = Debug|Any CPU
		{DC3021CD-4A87-4492-A9AC-03AC3EA740C5}.Debug|Any CPU.Build.0 = Debug|Any CPU
		{DC3021CD-4A87-4492-A9AC-03AC3EA740C5}.Release|Any CPU.ActiveCfg = Release|Any CPU
		{DC3021CD-4A87-4492-A9AC-03AC3EA740C5}.Release|Any CPU.Build.0 = Release|Any CPU
	EndGlobalSection
	GlobalSection(SolutionProperties) = preSolution
		HideSolutionNode = FALSE
	EndGlobalSection
	GlobalSection(ExtensibilityGlobals) = postSolution
		SolutionGuid = {DBEC31AD-01E8-4D23-A66E-FA8A1335EAC6}
	EndGlobalSection
EndGlobal
